// !$*UTF8*$!
{
	archiveVersion = 1;
	classes = {
	};
	objectVersion = 50;
	objects = {

/* Begin PBXBuildFile section */
		C671C38E21E14354000778BC /* AppDelegate.swift in Sources */ = {isa = PBXBuildFile; fileRef = C671C38D21E14354000778BC /* AppDelegate.swift */; };
		C671C39021E14354000778BC /* ViewController.swift in Sources */ = {isa = PBXBuildFile; fileRef = C671C38F21E14354000778BC /* ViewController.swift */; };
		C671C39321E14354000778BC /* Main.storyboard in Resources */ = {isa = PBXBuildFile; fileRef = C671C39121E14354000778BC /* Main.storyboard */; };
		C671C39521E14356000778BC /* Assets.xcassets in Resources */ = {isa = PBXBuildFile; fileRef = C671C39421E14356000778BC /* Assets.xcassets */; };
		C671C39821E14356000778BC /* LaunchScreen.storyboard in Resources */ = {isa = PBXBuildFile; fileRef = C671C39621E14356000778BC /* LaunchScreen.storyboard */; };
		C671C3A021E148DA000778BC /* PersonCell.swift in Sources */ = {isa = PBXBuildFile; fileRef = C671C39F21E148DA000778BC /* PersonCell.swift */; };
		C671C3A421E48755000778BC /* Person.swift in Sources */ = {isa = PBXBuildFile; fileRef = C671C3A321E48755000778BC /* Person.swift */; };
/* End PBXBuildFile section */

/* Begin PBXFileReference section */
		C671C38A21E14354000778BC /* Project 10.app */ = {isa = PBXFileReference; explicitFileType = wrapper.application; includeInIndex = 0; path = "Project 10.app"; sourceTree = BUILT_PRODUCTS_DIR; };
		C671C38D21E14354000778BC /* AppDelegate.swift */ = {isa = PBXFileReference; lastKnownFileType = sourcecode.swift; path = AppDelegate.swift; sourceTree = "<group>"; };
		C671C38F21E14354000778BC /* ViewController.swift */ = {isa = PBXFileReference; lastKnownFileType = sourcecode.swift; path = ViewController.swift; sourceTree = "<group>"; };
		C671C39221E14354000778BC /* Base */ = {isa = PBXFileReference; lastKnownFileType = file.storyboard; name = Base; path = Base.lproj/Main.storyboard; sourceTree = "<group>"; };
		C671C39421E14356000778BC /* Assets.xcassets */ = {isa = PBXFileReference; lastKnownFileType = folder.assetcatalog; path = Assets.xcassets; sourceTree = "<group>"; };
		C671C39721E14356000778BC /* Base */ = {isa = PBXFileReference; lastKnownFileType = file.storyboard; name = Base; path = Base.lproj/LaunchScreen.storyboard; sourceTree = "<group>"; };
		C671C39921E14356000778BC /* Info.plist */ = {isa = PBXFileReference; lastKnownFileType = text.plist.xml; path = Info.plist; sourceTree = "<group>"; };
		C671C39F21E148DA000778BC /* PersonCell.swift */ = {isa = PBXFileReference; lastKnownFileType = sourcecode.swift; path = PersonCell.swift; sourceTree = "<group>"; };
		C671C3A321E48755000778BC /* Person.swift */ = {isa = PBXFileReference; lastKnownFileType = sourcecode.swift; path = Person.swift; sourceTree = "<group>"; };
/* End PBXFileReference section */

/* Begin PBXFrameworksBuildPhase section */
		C671C38721E14354000778BC /* Frameworks */ = {
			isa = PBXFrameworksBuildPhase;
			buildActionMask = 2147483647;
			files = (
			);
			runOnlyForDeploymentPostprocessing = 0;
		};
/* End PBXFrameworksBuildPhase section */

/* Begin PBXGroup section */
		C671C38121E14354000778BC = {
			isa = PBXGroup;
			children = (
				C671C38C21E14354000778BC /* Project 10 */,
				C671C38B21E14354000778BC /* Products */,
			);
			sourceTree = "<group>";
		};
		C671C38B21E14354000778BC /* Products */ = {
			isa = PBXGroup;
			children = (
				C671C38A21E14354000778BC /* Project 10.app */,
			);
			name = Products;
			sourceTree = "<group>";
		};
		C671C38C21E14354000778BC /* Project 10 */ = {
			isa = PBXGroup;
			children = (
				C671C38D21E14354000778BC /* AppDelegate.swift */,
				C671C38F21E14354000778BC /* ViewController.swift */,
				C671C39121E14354000778BC /* Main.storyboard */,
				C671C39F21E148DA000778BC /* PersonCell.swift */,
				C671C3A321E48755000778BC /* Person.swift */,
				C671C39421E14356000778BC /* Assets.xcassets */,
				C671C39621E14356000778BC /* LaunchScreen.storyboard */,
				C671C39921E14356000778BC /* Info.plist */,
			);
			path = "Project 10";
			sourceTree = "<group>";
		};
/* End PBXGroup section */

/* Begin PBXNativeTarget section */
		C671C38921E14354000778BC /* Project 10 */ = {
			isa = PBXNativeTarget;
			buildConfigurationList = C671C39C21E14356000778BC /* Build configuration list for PBXNativeTarget "Project 10" */;
			buildPhases = (
				C671C38621E14354000778BC /* Sources */,
				C671C38721E14354000778BC /* Frameworks */,
				C671C38821E14354000778BC /* Resources */,
			);
			buildRules = (
			);
			dependencies = (
			);
			name = "Project 10";
			productName = "Project 10";
			productReference = C671C38A21E14354000778BC /* Project 10.app */;
			productType = "com.apple.product-type.application";
		};
/* End PBXNativeTarget section */

/* Begin PBXProject section */
		C671C38221E14354000778BC /* Project object */ = {
			isa = PBXProject;
			attributes = {
				LastSwiftUpdateCheck = 1010;
				LastUpgradeCheck = 1010;
				ORGANIZATIONNAME = "Roderick Presswood";
				TargetAttributes = {
					C671C38921E14354000778BC = {
						CreatedOnToolsVersion = 10.1;
					};
				};
			};
			buildConfigurationList = C671C38521E14354000778BC /* Build configuration list for PBXProject "Project 10" */;
			compatibilityVersion = "Xcode 9.3";
			developmentRegion = en;
			hasScannedForEncodings = 0;
			knownRegions = (
				en,
				Base,
			);
			mainGroup = C671C38121E14354000778BC;
			productRefGroup = C671C38B21E14354000778BC /* Products */;
			projectDirPath = "";
			projectRoot = "";
			targets = (
				C671C38921E14354000778BC /* Project 10 */,
			);
		};
/* End PBXProject section */

/* Begin PBXResourcesBuildPhase section */
		C671C38821E14354000778BC /* Resources */ = {
			isa = PBXResourcesBuildPhase;
			buildActionMask = 2147483647;
			files = (
				C671C39821E14356000778BC /* LaunchScreen.storyboard in Resources */,
				C671C39521E14356000778BC /* Assets.xcassets in Resources */,
				C671C39321E14354000778BC /* Main.storyboard in Resources */,
			);
			runOnlyForDeploymentPostprocessing = 0;
		};
/* End PBXResourcesBuildPhase section */

/* Begin PBXSourcesBuildPhase section */
		C671C38621E14354000778BC /* Sources */ = {
			isa = PBXSourcesBuildPhase;
			buildActionMask = 2147483647;
			files = (
				C671C3A021E148DA000778BC /* PersonCell.swift in Sources */,
				C671C39021E14354000778BC /* ViewController.swift in Sources */,
				C671C3A421E48755000778BC /* Person.swift in Sources */,
				C671C38E21E14354000778BC /* AppDelegate.swift in Sources */,
			);
			runOnlyForDeploymentPostprocessing = 0;
		};
/* End PBXSourcesBuildPhase section */

/* Begin PBXVariantGroup section */
		C671C39121E14354000778BC /* Main.storyboard */ = {
			isa = PBXVariantGroup;
			children = (
				C671C39221E14354000778BC /* Base */,
			);
			name = Main.storyboard;
			sourceTree = "<group>";
		};
		C671C39621E14356000778BC /* LaunchScreen.storyboard */ = {
			isa = PBXVariantGroup;
			children = (
				C671C39721E14356000778BC /* Base */,
			);
			name = LaunchScreen.storyboard;
			sourceTree = "<group>";
		};
/* End PBXVariantGroup section */

/* Begin XCBuildConfiguration section */
		C671C39A21E14356000778BC /* Debug */ = {
			isa = XCBuildConfiguration;
			buildSettings = {
				ALWAYS_SEARCH_USER_PATHS = NO;
				CLANG_ANALYZER_NONNULL = YES;
				CLANG_ANALYZER_NUMBER_OBJECT_CONVERSION = YES_AGGRESSIVE;
				CLANG_CXX_LANGUAGE_STANDARD = "gnu++14";
				CLANG_CXX_LIBRARY = "libc++";
				CLANG_ENABLE_MODULES = YES;
				CLANG_ENABLE_OBJC_ARC = YES;
				CLANG_ENABLE_OBJC_WEAK = YES;
				CLANG_WARN_BLOCK_CAPTURE_AUTORELEASING = YES;
				CLANG_WARN_BOOL_CONVERSION = YES;
				CLANG_WARN_COMMA = YES;
				CLANG_WARN_CONSTANT_CONVERSION = YES;
				CLANG_WARN_DEPRECATED_OBJC_IMPLEMENTATIONS = YES;
				CLANG_WARN_DIRECT_OBJC_ISA_USAGE = YES_ERROR;
				CLANG_WARN_DOCUMENTATION_COMMENTS = YES;
				CLANG_WARN_EMPTY_BODY = YES;
				CLANG_WARN_ENUM_CONVERSION = YES;
				CLANG_WARN_INFINITE_RECURSION = YES;
				CLANG_WARN_INT_CONVERSION = YES;
				CLANG_WARN_NON_LITERAL_NULL_CONVERSION = YES;
				CLANG_WARN_OBJC_IMPLICIT_RETAIN_SELF = YES;
				CLANG_WARN_OBJC_LITERAL_CONVERSION = YES;
				CLANG_WARN_OBJC_ROOT_CLASS = YES_ERROR;
				CLANG_WARN_RANGE_LOOP_ANALYSIS = YES;
				CLANG_WARN_STRICT_PROTOTYPES = YES;
				CLANG_WARN_SUSPICIOUS_MOVE = YES;
				CLANG_WARN_UNGUARDED_AVAILABILITY = YES_AGGRESSIVE;
				CLANG_WARN_UNREACHABLE_CODE = YES;
				CLANG_WARN__DUPLICATE_METHOD_MATCH = YES;
				CODE_SIGN_IDENTITY = "iPhone Developer";
				COPY_PHASE_STRIP = NO;
				DEBUG_INFORMATION_FORMAT = dwarf;
				ENABLE_STRICT_OBJC_MSGSEND = YES;
				ENABLE_TESTABILITY = YES;
				GCC_C_LANGUAGE_STANDARD = gnu11;
				GCC_DYNAMIC_NO_PIC = NO;
				GCC_NO_COMMON_BLOCKS = YES;
				GCC_OPTIMIZATION_LEVEL = 0;
				GCC_PREPROCESSOR_DEFINITIONS = (
					"DEBUG=1",
					"$(inherited)",
				);
				GCC_WARN_64_TO_32_BIT_CONVERSION = YES;
				GCC_WARN_ABOUT_RETURN_TYPE = YES_ERROR;
				GCC_WARN_UNDECLARED_SELECTOR = YES;
				GCC_WARN_UNINITIALIZED_AUTOS = YES_AGGRESSIVE;
				GCC_WARN_UNUSED_FUNCTION = YES;
				GCC_WARN_UNUSED_VARIABLE = YES;
				IPHONEOS_DEPLOYMENT_TARGET = 12.1;
				MTL_ENABLE_DEBUG_INFO = INCLUDE_SOURCE;
				MTL_FAST_MATH = YES;
				ONLY_ACTIVE_ARCH = YES;
				SDKROOT = iphoneos;
				SWIFT_ACTIVE_COMPILATION_CONDITIONS = DEBUG;
				SWIFT_OPTIMIZATION_LEVEL = "-Onone";
			};
			name = Debug;
		};
		C671C39B21E14356000778BC /* Release */ = {
			isa = XCBuildConfiguration;
			buildSettings = {
				ALWAYS_SEARCH_USER_PATHS = NO;
				CLANG_ANALYZER_NONNULL = YES;
				CLANG_ANALYZER_NUMBER_OBJECT_CONVERSION = YES_AGGRESSIVE;
				CLANG_CXX_LANGUAGE_STANDARD = "gnu++14";
				CLANG_CXX_LIBRARY = "libc++";
				CLANG_ENABLE_MODULES = YES;
				CLANG_ENABLE_OBJC_ARC = YES;
				CLANG_ENABLE_OBJC_WEAK = YES;
				CLANG_WARN_BLOCK_CAPTURE_AUTORELEASING = YES;
				CLANG_WARN_BOOL_CONVERSION = YES;
				CLANG_WARN_COMMA = YES;
				CLANG_WARN_CONSTANT_CONVERSION = YES;
				CLANG_WARN_DEPRECATED_OBJC_IMPLEMENTATIONS = YES;
				CLANG_WARN_DIRECT_OBJC_ISA_USAGE = YES_ERROR;
				CLANG_WARN_DOCUMENTATION_COMMENTS = YES;
				CLANG_WARN_EMPTY_BODY = YES;
				CLANG_WARN_ENUM_CONVERSION = YES;
				CLANG_WARN_INFINITE_RECURSION = YES;
				CLANG_WARN_INT_CONVERSION = YES;
				CLANG_WARN_NON_LITERAL_NULL_CONVERSION = YES;
				CLANG_WARN_OBJC_IMPLICIT_RETAIN_SELF = YES;
				CLANG_WARN_OBJC_LITERAL_CONVERSION = YES;
				CLANG_WARN_OBJC_ROOT_CLASS = YES_ERROR;
				CLANG_WARN_RANGE_LOOP_ANALYSIS = YES;
				CLANG_WARN_STRICT_PROTOTYPES = YES;
				CLANG_WARN_SUSPICIOUS_MOVE = YES;
				CLANG_WARN_UNGUARDED_AVAILABILITY = YES_AGGRESSIVE;
				CLANG_WARN_UNREACHABLE_CODE = YES;
				CLANG_WARN__DUPLICATE_METHOD_MATCH = YES;
				CODE_SIGN_IDENTITY = "iPhone Developer";
				COPY_PHASE_STRIP = NO;
				DEBUG_INFORMATION_FORMAT = "dwarf-with-dsym";
				ENABLE_NS_ASSERTIONS = NO;
				ENABLE_STRICT_OBJC_MSGSEND = YES;
				GCC_C_LANGUAGE_STANDARD = gnu11;
				GCC_NO_COMMON_BLOCKS = YES;
				GCC_WARN_64_TO_32_BIT_CONVERSION = YES;
				GCC_WARN_ABOUT_RETURN_TYPE = YES_ERROR;
				GCC_WARN_UNDECLARED_SELECTOR = YES;
				GCC_WARN_UNINITIALIZED_AUTOS = YES_AGGRESSIVE;
				GCC_WARN_UNUSED_FUNCTION = YES;
				GCC_WARN_UNUSED_VARIABLE = YES;
				IPHONEOS_DEPLOYMENT_TARGET = 12.1;
				MTL_ENABLE_DEBUG_INFO = NO;
				MTL_FAST_MATH = YES;
				SDKROOT = iphoneos;
				SWIFT_COMPILATION_MODE = wholemodule;
				SWIFT_OPTIMIZATION_LEVEL = "-O";
				VALIDATE_PRODUCT = YES;
			};
			name = Release;
		};
		C671C39D21E14356000778BC /* Debug */ = {
			isa = XCBuildConfiguration;
			buildSettings = {
				ASSETCATALOG_COMPILER_APPICON_NAME = AppIcon;
				CODE_SIGN_STYLE = Automatic;
				DEVELOPMENT_TEAM = WCHLW58HK7;
				INFOPLIST_FILE = "Project 10/Info.plist";
				LD_RUNPATH_SEARCH_PATHS = (
					"$(inherited)",
					"@executable_path/Frameworks",
				);
				PRODUCT_BUNDLE_IDENTIFIER = "TDS.Project-10";
				PRODUCT_NAME = "$(TARGET_NAME)";
				SWIFT_VERSION = 4.2;
				TARGETED_DEVICE_FAMILY = "1,2";
			};
			name = Debug;
		};
		C671C39E21E14356000778BC /* Release */ = {
			isa = XCBuildConfiguration;
			buildSettings = {
				ASSETCATALOG_COMPILER_APPICON_NAME = AppIcon;
				CODE_SIGN_STYLE = Automatic;
				DEVELOPMENT_TEAM = WCHLW58HK7;
				INFOPLIST_FILE = "Project 10/Info.plist";
				LD_RUNPATH_SEARCH_PATHS = (
					"$(inherited)",
					"@executable_path/Frameworks",
				);
				PRODUCT_BUNDLE_IDENTIFIER = "TDS.Project-10";
				PRODUCT_NAME = "$(TARGET_NAME)";
				SWIFT_VERSION = 4.2;
				TARGETED_DEVICE_FAMILY = "1,2";
			};
			name = Release;
		};
/* End XCBuildConfiguration section */

/* Begin XCConfigurationList section */
		C671C38521E14354000778BC /* Build configuration list for PBXProject "Project 10" */ = {
			isa = XCConfigurationList;
			buildConfigurations = (
				C671C39A21E14356000778BC /* Debug */,
				C671C39B21E14356000778BC /* Release */,
			);
			defaultConfigurationIsVisible = 0;
			defaultConfigurationName = Release;
		};
		C671C39C21E14356000778BC /* Build configuration list for PBXNativeTarget "Project 10" */ = {
			isa = XCConfigurationList;
			buildConfigurations = (
				C671C39D21E14356000778BC /* Debug */,
				C671C39E21E14356000778BC /* Release */,
			);
			defaultConfigurationIsVisible = 0;
			defaultConfigurationName = Release;
		};
/* End XCConfigurationList section */
	};
	rootObject = C671C38221E14354000778BC /* Project object */;
}
